
Microsoft Visual Studio Solution File, Format Version 12.00
# Visual Studio Version 16
VisualStudioVersion = 16.0.29926.136
MinimumVisualStudioVersion = 10.0.40219.1
Project("{9A19103F-16F7-4668-BE54-9A1E7A4F7556}") = "PhysicalTherapyProjectV2", "PhysicalTherapyProjectV2\PhysicalTherapyProjectV2.csproj", "{E2A73109-598C-42B6-A9B5-0DAB321D62C6}"
EndProject
Project("{9A19103F-16F7-4668-BE54-9A1E7A4F7556}") = "PhysicalTherapyProject.Domain", "PhysicalTherapyProject.Domain\PhysicalTherapyProject.Domain.csproj", "{07CAC5D9-9300-49F6-A554-62D7FA2A9131}"
EndProject
Project("{9A19103F-16F7-4668-BE54-9A1E7A4F7556}") = "PhysicalTherapyProject.Persistance", "PhysicalTherapyProject.Persistance\PhysicalTherapyProject.Persistance.csproj", "{20805794-6AE1-40EC-984B-6EE1814F4046}"
EndProject
Project("{FAE04EC0-301F-11D3-BF4B-00C04F79EFBC}") = "PhysicalTherapyProject.Application", "PhysicalTherapyProject.Application\PhysicalTherapyProject.Application.csproj", "{3A3492E8-2FA9-4D9B-86D9-41C676722DD9}"
EndProject
Global
	GlobalSection(SolutionConfigurationPlatforms) = preSolution
		Debug|Any CPU = Debug|Any CPU
		Release|Any CPU = Release|Any CPU
	EndGlobalSection
	GlobalSection(ProjectConfigurationPlatforms) = postSolution
		{E2A73109-598C-42B6-A9B5-0DAB321D62C6}.Debug|Any CPU.ActiveCfg = Debug|Any CPU
		{E2A73109-598C-42B6-A9B5-0DAB321D62C6}.Debug|Any CPU.Build.0 = Debug|Any CPU
		{E2A73109-598C-42B6-A9B5-0DAB321D62C6}.Release|Any CPU.ActiveCfg = Release|Any CPU
		{E2A73109-598C-42B6-A9B5-0DAB321D62C6}.Release|Any CPU.Build.0 = Release|Any CPU
		{07CAC5D9-9300-49F6-A554-62D7FA2A9131}.Debug|Any CPU.ActiveCfg = Debug|Any CPU
		{07CAC5D9-9300-49F6-A554-62D7FA2A9131}.Debug|Any CPU.Build.0 = Debug|Any CPU
		{07CAC5D9-9300-49F6-A554-62D7FA2A9131}.Release|Any CPU.ActiveCfg = Release|Any CPU
		{07CAC5D9-9300-49F6-A554-62D7FA2A9131}.Release|Any CPU.Build.0 = Release|Any CPU
		{20805794-6AE1-40EC-984B-6EE1814F4046}.Debug|Any CPU.ActiveCfg = Debug|Any CPU
		{20805794-6AE1-40EC-984B-6EE1814F4046}.Debug|Any CPU.Build.0 = Debug|Any CPU
		{20805794-6AE1-40EC-984B-6EE1814F4046}.Release|Any CPU.ActiveCfg = Release|Any CPU
		{20805794-6AE1-40EC-984B-6EE1814F4046}.Release|Any CPU.Build.0 = Release|Any CPU
		{3A3492E8-2FA9-4D9B-86D9-41C676722DD9}.Debug|Any CPU.ActiveCfg = Debug|Any CPU
		{3A3492E8-2FA9-4D9B-86D9-41C676722DD9}.Debug|Any CPU.Build.0 = Debug|Any CPU
		{3A3492E8-2FA9-4D9B-86D9-41C676722DD9}.Release|Any CPU.ActiveCfg = Release|Any CPU
		{3A3492E8-2FA9-4D9B-86D9-41C676722DD9}.Release|Any CPU.Build.0 = Release|Any CPU
	EndGlobalSection
	GlobalSection(SolutionProperties) = preSolution
		HideSolutionNode = FALSE
	EndGlobalSection
	GlobalSection(ExtensibilityGlobals) = postSolution
		SolutionGuid = {BDCA0CE9-99C3-4FE7-9930-E2871A42159E}
	EndGlobalSection
EndGlobal
